
Microsoft Visual Studio Solution File, Format Version 12.00
# Visual Studio 15
VisualStudioVersion = 15.0.27004.2002
MinimumVisualStudioVersion = 10.0.40219.1
Project("{FAE04EC0-301F-11D3-BF4B-00C04F79EFBC}") = "MaxSequenceOfEqualElements", "MaxSequenceOfEqualElements\MaxSequenceOfEqualElements.csproj", "{CF16B3D5-7EE8-49AD-8F64-DBFE932E2922}"
EndProject
Project("{FAE04EC0-301F-11D3-BF4B-00C04F79EFBC}") = "ChangeList", "ChangeList\ChangeList.csproj", "{6C80806C-3818-4E0C-82E5-6019ED2C0612}"
EndProject
Project("{FAE04EC0-301F-11D3-BF4B-00C04F79EFBC}") = "SearchForANumber", "SearchForANumber\SearchForANumber.csproj", "{00D2A607-C3B2-4473-9EBB-30734BB55EEA}"
EndProject
Project("{FAE04EC0-301F-11D3-BF4B-00C04F79EFBC}") = "SearchForANumbers2", "SearchForANumbers2\SearchForANumbers2.csproj", "{4DD999A1-C5A8-47D3-A631-B30F901DDADB}"
EndProject
Project("{FAE04EC0-301F-11D3-BF4B-00C04F79EFBC}") = "SumReversedNumbers", "SumReversedNumbers\SumReversedNumbers.csproj", "{497F2722-DBBE-4866-947C-18CE5E7FD9A9}"
EndProject
Project("{FAE04EC0-301F-11D3-BF4B-00C04F79EFBC}") = "ArrayManipulator", "ArrayManipulator\ArrayManipulator.csproj", "{975A4CB5-9E57-4F19-A2C1-233E9C1D6882}"
EndProject
Global
	GlobalSection(SolutionConfigurationPlatforms) = preSolution
		Debug|Any CPU = Debug|Any CPU
		Release|Any CPU = Release|Any CPU
	EndGlobalSection
	GlobalSection(ProjectConfigurationPlatforms) = postSolution
		{CF16B3D5-7EE8-49AD-8F64-DBFE932E2922}.Debug|Any CPU.ActiveCfg = Debug|Any CPU
		{CF16B3D5-7EE8-49AD-8F64-DBFE932E2922}.Debug|Any CPU.Build.0 = Debug|Any CPU
		{CF16B3D5-7EE8-49AD-8F64-DBFE932E2922}.Release|Any CPU.ActiveCfg = Release|Any CPU
		{CF16B3D5-7EE8-49AD-8F64-DBFE932E2922}.Release|Any CPU.Build.0 = Release|Any CPU
		{6C80806C-3818-4E0C-82E5-6019ED2C0612}.Debug|Any CPU.ActiveCfg = Debug|Any CPU
		{6C80806C-3818-4E0C-82E5-6019ED2C0612}.Debug|Any CPU.Build.0 = Debug|Any CPU
		{6C80806C-3818-4E0C-82E5-6019ED2C0612}.Release|Any CPU.ActiveCfg = Release|Any CPU
		{6C80806C-3818-4E0C-82E5-6019ED2C0612}.Release|Any CPU.Build.0 = Release|Any CPU
		{00D2A607-C3B2-4473-9EBB-30734BB55EEA}.Debug|Any CPU.ActiveCfg = Debug|Any CPU
		{00D2A607-C3B2-4473-9EBB-30734BB55EEA}.Debug|Any CPU.Build.0 = Debug|Any CPU
		{00D2A607-C3B2-4473-9EBB-30734BB55EEA}.Release|Any CPU.ActiveCfg = Release|Any CPU
		{00D2A607-C3B2-4473-9EBB-30734BB55EEA}.Release|Any CPU.Build.0 = Release|Any CPU
		{4DD999A1-C5A8-47D3-A631-B30F901DDADB}.Debug|Any CPU.ActiveCfg = Debug|Any CPU
		{4DD999A1-C5A8-47D3-A631-B30F901DDADB}.Debug|Any CPU.Build.0 = Debug|Any CPU
		{4DD999A1-C5A8-47D3-A631-B30F901DDADB}.Release|Any CPU.ActiveCfg = Release|Any CPU
		{4DD999A1-C5A8-47D3-A631-B30F901DDADB}.Release|Any CPU.Build.0 = Release|Any CPU
		{497F2722-DBBE-4866-947C-18CE5E7FD9A9}.Debug|Any CPU.ActiveCfg = Debug|Any CPU
		{497F2722-DBBE-4866-947C-18CE5E7FD9A9}.Debug|Any CPU.Build.0 = Debug|Any CPU
		{497F2722-DBBE-4866-947C-18CE5E7FD9A9}.Release|Any CPU.ActiveCfg = Release|Any CPU
		{497F2722-DBBE-4866-947C-18CE5E7FD9A9}.Release|Any CPU.Build.0 = Release|Any CPU
		{975A4CB5-9E57-4F19-A2C1-233E9C1D6882}.Debug|Any CPU.ActiveCfg = Debug|Any CPU
		{975A4CB5-9E57-4F19-A2C1-233E9C1D6882}.Debug|Any CPU.Build.0 = Debug|Any CPU
		{975A4CB5-9E57-4F19-A2C1-233E9C1D6882}.Release|Any CPU.ActiveCfg = Release|Any CPU
		{975A4CB5-9E57-4F19-A2C1-233E9C1D6882}.Release|Any CPU.Build.0 = Release|Any CPU
	EndGlobalSection
	GlobalSection(SolutionProperties) = preSolution
		HideSolutionNode = FALSE
	EndGlobalSection
	GlobalSection(ExtensibilityGlobals) = postSolution
		SolutionGuid = {C6A3B349-E27E-488E-96E7-0CBD8EA1C6D5}
	EndGlobalSection
EndGlobal
