
Microsoft Visual Studio Solution File, Format Version 12.00
# Visual Studio Version 17
VisualStudioVersion = 17.4.33205.214
MinimumVisualStudioVersion = 10.0.40219.1
Project("{9A19103F-16F7-4668-BE54-9A1E7A4F7556}") = "ComputerStore", "ComputerStore\ComputerStore.csproj", "{0DD8B622-D8C2-4D26-BA24-CC7377CD7A86}"
EndProject
Project("{9A19103F-16F7-4668-BE54-9A1E7A4F7556}") = "ComputerStore2", "ComputerStore2\ComputerStore2.csproj", "{FCC3D33A-6F30-4CBD-8B05-247B3717409D}"
EndProject
Project("{9A19103F-16F7-4668-BE54-9A1E7A4F7556}") = "TheLift", "TheLift\TheLift.csproj", "{5FAC6AC7-329A-4C70-A555-75BD4ACF6C63}"
EndProject
Project("{9A19103F-16F7-4668-BE54-9A1E7A4F7556}") = "MemoryGame", "MemoryGame\MemoryGame.csproj", "{8262D9DB-31B5-48D7-A5C2-E55842EDA001}"
EndProject
Project("{9A19103F-16F7-4668-BE54-9A1E7A4F7556}") = "ArrayModifier", "ArrayModifier\ArrayModifier.csproj", "{305CEC0A-361E-4BD0-BCE7-5734F9178C03}"
EndProject
Project("{9A19103F-16F7-4668-BE54-9A1E7A4F7556}") = "Numbers", "Numbers\Numbers.csproj", "{8DAFF3DE-4C4C-4218-AAE9-B19B115A4AA0}"
EndProject
Project("{9A19103F-16F7-4668-BE54-9A1E7A4F7556}") = "ShootForTheWin", "ShootForTheWin\ShootForTheWin.csproj", "{143A76BA-C3CE-495B-B77B-EC2D5B846187}"
EndProject
Project("{9A19103F-16F7-4668-BE54-9A1E7A4F7556}") = "MovingTarget", "MovingTarget\MovingTarget.csproj", "{F2133EEB-73B9-4FCB-A8CD-5AAA9DFEACC7}"
EndProject
Project("{9A19103F-16F7-4668-BE54-9A1E7A4F7556}") = "Demo", "Demo\Demo.csproj", "{1D5AFCD2-5B8C-4331-ABAC-91EACF82F506}"
EndProject
Project("{9A19103F-16F7-4668-BE54-9A1E7A4F7556}") = "Counter-Strike", "Counter-Strike\Counter-Strike.csproj", "{6F71B5DC-8C6C-4F1E-9CC7-C22542CE517D}"
EndProject
Project("{9A19103F-16F7-4668-BE54-9A1E7A4F7556}") = "GuineaPig", "GuineaPig\GuineaPig.csproj", "{773AFCD4-3692-4114-B26C-D8149D2AF1B8}"
EndProject
Project("{9A19103F-16F7-4668-BE54-9A1E7A4F7556}") = "ShoppingList", "ShoppingList\ShoppingList.csproj", "{259AC567-B97A-4BE2-A574-7B3DC28977A3}"
EndProject
Project("{9A19103F-16F7-4668-BE54-9A1E7A4F7556}") = "HeartDelivery", "HeartDelivery\HeartDelivery.csproj", "{982CCB6D-CB87-4E81-A773-A286C4ED63E3}"
EndProject
Project("{9A19103F-16F7-4668-BE54-9A1E7A4F7556}") = "MuOnline", "MuOnline\MuOnline.csproj", "{52DB96FC-A1A1-41CA-81AA-7EB4FC61F3BB}"
EndProject
Project("{9A19103F-16F7-4668-BE54-9A1E7A4F7556}") = "Inventory", "Inventory\Inventory.csproj", "{CDCEE9FA-F033-494E-8DFC-A1A6788B6DDC}"
EndProject
Project("{9A19103F-16F7-4668-BE54-9A1E7A4F7556}") = "TreasureHunt", "TreasureHunt\TreasureHunt.csproj", "{62AE103D-4E97-4A1C-A8EB-593EE974CB28}"
EndProject
Project("{9A19103F-16F7-4668-BE54-9A1E7A4F7556}") = "ManOWar", "ManOWar\ManOWar.csproj", "{03D2F748-A11E-49D8-9326-1897A074AA18}"
EndProject
Project("{9A19103F-16F7-4668-BE54-9A1E7A4F7556}") = "BlackFlag", "BlackFlag\BlackFlag.csproj", "{3E92D3B4-49E2-47F7-82D7-BAF54A5E4304}"
EndProject
Project("{9A19103F-16F7-4668-BE54-9A1E7A4F7556}") = "SoftUniReception", "SoftUniReception\SoftUniReception.csproj", "{270478C7-C3F8-42A8-9F15-1374278C0BE9}"
EndProject
Project("{9A19103F-16F7-4668-BE54-9A1E7A4F7556}") = "BonusScoringSystem", "BonusScoringSystem\BonusScoringSystem.csproj", "{AC24B5DE-D9D0-470C-A25D-F146B2EF258C}"
EndProject
Project("{9A19103F-16F7-4668-BE54-9A1E7A4F7556}") = "Santa’sNewList", "Santa’sNewList\Santa’sNewList.csproj", "{B567970E-0345-47C3-A85D-E68DE83A6753}"
EndProject
Project("{9A19103F-16F7-4668-BE54-9A1E7A4F7556}") = "Santa'sCookies", "Santa'sCookies\Santa'sCookies.csproj", "{367B3D1B-FA7D-45C1-99E0-9D9AAEB43E82}"
EndProject
Project("{9A19103F-16F7-4668-BE54-9A1E7A4F7556}") = "Santa’sGifts", "Santa’sGifts\Santa’sGifts.csproj", "{73345239-EAC2-48AD-B078-1A0DA41CAA7E}"
EndProject
Project("{9A19103F-16F7-4668-BE54-9A1E7A4F7556}") = "ArrayManipulator", "ArrayManipulator\ArrayManipulator.csproj", "{30D324FF-BE2B-428A-8310-2A97C7D47FFF}"
EndProject
Project("{9A19103F-16F7-4668-BE54-9A1E7A4F7556}") = "TheImitationGame", "TheImitationGame\TheImitationGame.csproj", "{8D085966-27DF-4001-B37C-7955CACC7977}"
EndProject
Project("{9A19103F-16F7-4668-BE54-9A1E7A4F7556}") = "TheBiscuitFactory", "P1\TheBiscuitFactory.csproj", "{820AD3FF-F140-4546-8BFE-1B2ED83B08DB}"
EndProject
Project("{9A19103F-16F7-4668-BE54-9A1E7A4F7556}") = "CoffeeLover", "P2\CoffeeLover.csproj", "{BAC335CF-E7E5-4CA8-A64A-BDF9299B690A}"
EndProject
Project("{9A19103F-16F7-4668-BE54-9A1E7A4F7556}") = "DeckOfCards", "P3\DeckOfCards.csproj", "{82181A43-64E8-4EF9-85CC-20C870998B59}"
EndProject
Project("{9A19103F-16F7-4668-BE54-9A1E7A4F7556}") = "WorldTour", "WorldTour\WorldTour.csproj", "{5BBE2408-A554-493C-AEA0-3A2C0FFD56F6}"
EndProject
Project("{9A19103F-16F7-4668-BE54-9A1E7A4F7556}") = "DestinationMapper", "DestinationMapper\DestinationMapper.csproj", "{B83E9754-A7B1-4883-8A41-94838A9832CA}"
EndProject
Project("{9A19103F-16F7-4668-BE54-9A1E7A4F7556}") = "SecretChat", "SecretChat\SecretChat.csproj", "{8DAACA1A-82EC-49DD-AAD8-FD72F8E161C1}"
EndProject
Project("{9A19103F-16F7-4668-BE54-9A1E7A4F7556}") = "MirrorWords", "MirrorWords\MirrorWords.csproj", "{7B7FB487-C030-47AC-950F-21596664974D}"
EndProject
Project("{9A19103F-16F7-4668-BE54-9A1E7A4F7556}") = "PasswordReset", "PasswordReset\PasswordReset.csproj", "{21445643-20E5-4A7F-93B3-FA84E04223DB}"
EndProject
Project("{9A19103F-16F7-4668-BE54-9A1E7A4F7556}") = "FancyBarcodes", "FancyBarcodes\FancyBarcodes.csproj", "{1331AB11-9B7A-49EC-89A3-0E10462D7F83}"
EndProject
Project("{FAE04EC0-301F-11D3-BF4B-00C04F79EFBC}") = "ActivationKeys", "ActivationKeys\ActivationKeys.csproj", "{1B543386-FEAC-4363-AA25-76181D604AC0}"
EndProject
Project("{FAE04EC0-301F-11D3-BF4B-00C04F79EFBC}") = "EmojiDetector", "EmojiDetector\EmojiDetector.csproj", "{275C1497-0CBA-45CB-A585-F02E3876C2D0}"
EndProject
Project("{FAE04EC0-301F-11D3-BF4B-00C04F79EFBC}") = "P!rates", "P!rates\P!rates.csproj", "{6968EC9E-BE44-40A9-8BF6-0279A4C5465B}"
EndProject
Global
	GlobalSection(SolutionConfigurationPlatforms) = preSolution
		Debug|Any CPU = Debug|Any CPU
		Release|Any CPU = Release|Any CPU
	EndGlobalSection
	GlobalSection(ProjectConfigurationPlatforms) = postSolution
		{0DD8B622-D8C2-4D26-BA24-CC7377CD7A86}.Debug|Any CPU.ActiveCfg = Debug|Any CPU
		{0DD8B622-D8C2-4D26-BA24-CC7377CD7A86}.Debug|Any CPU.Build.0 = Debug|Any CPU
		{0DD8B622-D8C2-4D26-BA24-CC7377CD7A86}.Release|Any CPU.ActiveCfg = Release|Any CPU
		{0DD8B622-D8C2-4D26-BA24-CC7377CD7A86}.Release|Any CPU.Build.0 = Release|Any CPU
		{FCC3D33A-6F30-4CBD-8B05-247B3717409D}.Debug|Any CPU.ActiveCfg = Debug|Any CPU
		{FCC3D33A-6F30-4CBD-8B05-247B3717409D}.Debug|Any CPU.Build.0 = Debug|Any CPU
		{FCC3D33A-6F30-4CBD-8B05-247B3717409D}.Release|Any CPU.ActiveCfg = Release|Any CPU
		{FCC3D33A-6F30-4CBD-8B05-247B3717409D}.Release|Any CPU.Build.0 = Release|Any CPU
		{5FAC6AC7-329A-4C70-A555-75BD4ACF6C63}.Debug|Any CPU.ActiveCfg = Debug|Any CPU
		{5FAC6AC7-329A-4C70-A555-75BD4ACF6C63}.Debug|Any CPU.Build.0 = Debug|Any CPU
		{5FAC6AC7-329A-4C70-A555-75BD4ACF6C63}.Release|Any CPU.ActiveCfg = Release|Any CPU
		{5FAC6AC7-329A-4C70-A555-75BD4ACF6C63}.Release|Any CPU.Build.0 = Release|Any CPU
		{8262D9DB-31B5-48D7-A5C2-E55842EDA001}.Debug|Any CPU.ActiveCfg = Debug|Any CPU
		{8262D9DB-31B5-48D7-A5C2-E55842EDA001}.Debug|Any CPU.Build.0 = Debug|Any CPU
		{8262D9DB-31B5-48D7-A5C2-E55842EDA001}.Release|Any CPU.ActiveCfg = Release|Any CPU
		{8262D9DB-31B5-48D7-A5C2-E55842EDA001}.Release|Any CPU.Build.0 = Release|Any CPU
		{305CEC0A-361E-4BD0-BCE7-5734F9178C03}.Debug|Any CPU.ActiveCfg = Debug|Any CPU
		{305CEC0A-361E-4BD0-BCE7-5734F9178C03}.Debug|Any CPU.Build.0 = Debug|Any CPU
		{305CEC0A-361E-4BD0-BCE7-5734F9178C03}.Release|Any CPU.ActiveCfg = Release|Any CPU
		{305CEC0A-361E-4BD0-BCE7-5734F9178C03}.Release|Any CPU.Build.0 = Release|Any CPU
		{8DAFF3DE-4C4C-4218-AAE9-B19B115A4AA0}.Debug|Any CPU.ActiveCfg = Debug|Any CPU
		{8DAFF3DE-4C4C-4218-AAE9-B19B115A4AA0}.Debug|Any CPU.Build.0 = Debug|Any CPU
		{8DAFF3DE-4C4C-4218-AAE9-B19B115A4AA0}.Release|Any CPU.ActiveCfg = Release|Any CPU
		{8DAFF3DE-4C4C-4218-AAE9-B19B115A4AA0}.Release|Any CPU.Build.0 = Release|Any CPU
		{143A76BA-C3CE-495B-B77B-EC2D5B846187}.Debug|Any CPU.ActiveCfg = Debug|Any CPU
		{143A76BA-C3CE-495B-B77B-EC2D5B846187}.Debug|Any CPU.Build.0 = Debug|Any CPU
		{143A76BA-C3CE-495B-B77B-EC2D5B846187}.Release|Any CPU.ActiveCfg = Release|Any CPU
		{143A76BA-C3CE-495B-B77B-EC2D5B846187}.Release|Any CPU.Build.0 = Release|Any CPU
		{F2133EEB-73B9-4FCB-A8CD-5AAA9DFEACC7}.Debug|Any CPU.ActiveCfg = Debug|Any CPU
		{F2133EEB-73B9-4FCB-A8CD-5AAA9DFEACC7}.Debug|Any CPU.Build.0 = Debug|Any CPU
		{F2133EEB-73B9-4FCB-A8CD-5AAA9DFEACC7}.Release|Any CPU.ActiveCfg = Release|Any CPU
		{F2133EEB-73B9-4FCB-A8CD-5AAA9DFEACC7}.Release|Any CPU.Build.0 = Release|Any CPU
		{1D5AFCD2-5B8C-4331-ABAC-91EACF82F506}.Debug|Any CPU.ActiveCfg = Debug|Any CPU
		{1D5AFCD2-5B8C-4331-ABAC-91EACF82F506}.Debug|Any CPU.Build.0 = Debug|Any CPU
		{1D5AFCD2-5B8C-4331-ABAC-91EACF82F506}.Release|Any CPU.ActiveCfg = Release|Any CPU
		{1D5AFCD2-5B8C-4331-ABAC-91EACF82F506}.Release|Any CPU.Build.0 = Release|Any CPU
		{6F71B5DC-8C6C-4F1E-9CC7-C22542CE517D}.Debug|Any CPU.ActiveCfg = Debug|Any CPU
		{6F71B5DC-8C6C-4F1E-9CC7-C22542CE517D}.Debug|Any CPU.Build.0 = Debug|Any CPU
		{6F71B5DC-8C6C-4F1E-9CC7-C22542CE517D}.Release|Any CPU.ActiveCfg = Release|Any CPU
		{6F71B5DC-8C6C-4F1E-9CC7-C22542CE517D}.Release|Any CPU.Build.0 = Release|Any CPU
		{773AFCD4-3692-4114-B26C-D8149D2AF1B8}.Debug|Any CPU.ActiveCfg = Debug|Any CPU
		{773AFCD4-3692-4114-B26C-D8149D2AF1B8}.Debug|Any CPU.Build.0 = Debug|Any CPU
		{773AFCD4-3692-4114-B26C-D8149D2AF1B8}.Release|Any CPU.ActiveCfg = Release|Any CPU
		{773AFCD4-3692-4114-B26C-D8149D2AF1B8}.Release|Any CPU.Build.0 = Release|Any CPU
		{259AC567-B97A-4BE2-A574-7B3DC28977A3}.Debug|Any CPU.ActiveCfg = Debug|Any CPU
		{259AC567-B97A-4BE2-A574-7B3DC28977A3}.Debug|Any CPU.Build.0 = Debug|Any CPU
		{259AC567-B97A-4BE2-A574-7B3DC28977A3}.Release|Any CPU.ActiveCfg = Release|Any CPU
		{259AC567-B97A-4BE2-A574-7B3DC28977A3}.Release|Any CPU.Build.0 = Release|Any CPU
		{982CCB6D-CB87-4E81-A773-A286C4ED63E3}.Debug|Any CPU.ActiveCfg = Debug|Any CPU
		{982CCB6D-CB87-4E81-A773-A286C4ED63E3}.Debug|Any CPU.Build.0 = Debug|Any CPU
		{982CCB6D-CB87-4E81-A773-A286C4ED63E3}.Release|Any CPU.ActiveCfg = Release|Any CPU
		{982CCB6D-CB87-4E81-A773-A286C4ED63E3}.Release|Any CPU.Build.0 = Release|Any CPU
		{52DB96FC-A1A1-41CA-81AA-7EB4FC61F3BB}.Debug|Any CPU.ActiveCfg = Debug|Any CPU
		{52DB96FC-A1A1-41CA-81AA-7EB4FC61F3BB}.Debug|Any CPU.Build.0 = Debug|Any CPU
		{52DB96FC-A1A1-41CA-81AA-7EB4FC61F3BB}.Release|Any CPU.ActiveCfg = Release|Any CPU
		{52DB96FC-A1A1-41CA-81AA-7EB4FC61F3BB}.Release|Any CPU.Build.0 = Release|Any CPU
		{CDCEE9FA-F033-494E-8DFC-A1A6788B6DDC}.Debug|Any CPU.ActiveCfg = Debug|Any CPU
		{CDCEE9FA-F033-494E-8DFC-A1A6788B6DDC}.Debug|Any CPU.Build.0 = Debug|Any CPU
		{CDCEE9FA-F033-494E-8DFC-A1A6788B6DDC}.Release|Any CPU.ActiveCfg = Release|Any CPU
		{CDCEE9FA-F033-494E-8DFC-A1A6788B6DDC}.Release|Any CPU.Build.0 = Release|Any CPU
		{62AE103D-4E97-4A1C-A8EB-593EE974CB28}.Debug|Any CPU.ActiveCfg = Debug|Any CPU
		{62AE103D-4E97-4A1C-A8EB-593EE974CB28}.Debug|Any CPU.Build.0 = Debug|Any CPU
		{62AE103D-4E97-4A1C-A8EB-593EE974CB28}.Release|Any CPU.ActiveCfg = Release|Any CPU
		{62AE103D-4E97-4A1C-A8EB-593EE974CB28}.Release|Any CPU.Build.0 = Release|Any CPU
		{03D2F748-A11E-49D8-9326-1897A074AA18}.Debug|Any CPU.ActiveCfg = Debug|Any CPU
		{03D2F748-A11E-49D8-9326-1897A074AA18}.Debug|Any CPU.Build.0 = Debug|Any CPU
		{03D2F748-A11E-49D8-9326-1897A074AA18}.Release|Any CPU.ActiveCfg = Release|Any CPU
		{03D2F748-A11E-49D8-9326-1897A074AA18}.Release|Any CPU.Build.0 = Release|Any CPU
		{3E92D3B4-49E2-47F7-82D7-BAF54A5E4304}.Debug|Any CPU.ActiveCfg = Debug|Any CPU
		{3E92D3B4-49E2-47F7-82D7-BAF54A5E4304}.Debug|Any CPU.Build.0 = Debug|Any CPU
		{3E92D3B4-49E2-47F7-82D7-BAF54A5E4304}.Release|Any CPU.ActiveCfg = Release|Any CPU
		{3E92D3B4-49E2-47F7-82D7-BAF54A5E4304}.Release|Any CPU.Build.0 = Release|Any CPU
		{270478C7-C3F8-42A8-9F15-1374278C0BE9}.Debug|Any CPU.ActiveCfg = Debug|Any CPU
		{270478C7-C3F8-42A8-9F15-1374278C0BE9}.Debug|Any CPU.Build.0 = Debug|Any CPU
		{270478C7-C3F8-42A8-9F15-1374278C0BE9}.Release|Any CPU.ActiveCfg = Release|Any CPU
		{270478C7-C3F8-42A8-9F15-1374278C0BE9}.Release|Any CPU.Build.0 = Release|Any CPU
		{AC24B5DE-D9D0-470C-A25D-F146B2EF258C}.Debug|Any CPU.ActiveCfg = Debug|Any CPU
		{AC24B5DE-D9D0-470C-A25D-F146B2EF258C}.Debug|Any CPU.Build.0 = Debug|Any CPU
		{AC24B5DE-D9D0-470C-A25D-F146B2EF258C}.Release|Any CPU.ActiveCfg = Release|Any CPU
		{AC24B5DE-D9D0-470C-A25D-F146B2EF258C}.Release|Any CPU.Build.0 = Release|Any CPU
		{B567970E-0345-47C3-A85D-E68DE83A6753}.Debug|Any CPU.ActiveCfg = Debug|Any CPU
		{B567970E-0345-47C3-A85D-E68DE83A6753}.Debug|Any CPU.Build.0 = Debug|Any CPU
		{B567970E-0345-47C3-A85D-E68DE83A6753}.Release|Any CPU.ActiveCfg = Release|Any CPU
		{B567970E-0345-47C3-A85D-E68DE83A6753}.Release|Any CPU.Build.0 = Release|Any CPU
		{367B3D1B-FA7D-45C1-99E0-9D9AAEB43E82}.Debug|Any CPU.ActiveCfg = Debug|Any CPU
		{367B3D1B-FA7D-45C1-99E0-9D9AAEB43E82}.Debug|Any CPU.Build.0 = Debug|Any CPU
		{367B3D1B-FA7D-45C1-99E0-9D9AAEB43E82}.Release|Any CPU.ActiveCfg = Release|Any CPU
		{367B3D1B-FA7D-45C1-99E0-9D9AAEB43E82}.Release|Any CPU.Build.0 = Release|Any CPU
		{73345239-EAC2-48AD-B078-1A0DA41CAA7E}.Debug|Any CPU.ActiveCfg = Debug|Any CPU
		{73345239-EAC2-48AD-B078-1A0DA41CAA7E}.Debug|Any CPU.Build.0 = Debug|Any CPU
		{73345239-EAC2-48AD-B078-1A0DA41CAA7E}.Release|Any CPU.ActiveCfg = Release|Any CPU
		{73345239-EAC2-48AD-B078-1A0DA41CAA7E}.Release|Any CPU.Build.0 = Release|Any CPU
		{30D324FF-BE2B-428A-8310-2A97C7D47FFF}.Debug|Any CPU.ActiveCfg = Debug|Any CPU
		{30D324FF-BE2B-428A-8310-2A97C7D47FFF}.Debug|Any CPU.Build.0 = Debug|Any CPU
		{30D324FF-BE2B-428A-8310-2A97C7D47FFF}.Release|Any CPU.ActiveCfg = Release|Any CPU
		{30D324FF-BE2B-428A-8310-2A97C7D47FFF}.Release|Any CPU.Build.0 = Release|Any CPU
		{8D085966-27DF-4001-B37C-7955CACC7977}.Debug|Any CPU.ActiveCfg = Debug|Any CPU
		{8D085966-27DF-4001-B37C-7955CACC7977}.Debug|Any CPU.Build.0 = Debug|Any CPU
		{8D085966-27DF-4001-B37C-7955CACC7977}.Release|Any CPU.ActiveCfg = Release|Any CPU
		{8D085966-27DF-4001-B37C-7955CACC7977}.Release|Any CPU.Build.0 = Release|Any CPU
		{820AD3FF-F140-4546-8BFE-1B2ED83B08DB}.Debug|Any CPU.ActiveCfg = Debug|Any CPU
		{820AD3FF-F140-4546-8BFE-1B2ED83B08DB}.Debug|Any CPU.Build.0 = Debug|Any CPU
		{820AD3FF-F140-4546-8BFE-1B2ED83B08DB}.Release|Any CPU.ActiveCfg = Release|Any CPU
		{820AD3FF-F140-4546-8BFE-1B2ED83B08DB}.Release|Any CPU.Build.0 = Release|Any CPU
		{BAC335CF-E7E5-4CA8-A64A-BDF9299B690A}.Debug|Any CPU.ActiveCfg = Debug|Any CPU
		{BAC335CF-E7E5-4CA8-A64A-BDF9299B690A}.Debug|Any CPU.Build.0 = Debug|Any CPU
		{BAC335CF-E7E5-4CA8-A64A-BDF9299B690A}.Release|Any CPU.ActiveCfg = Release|Any CPU
		{BAC335CF-E7E5-4CA8-A64A-BDF9299B690A}.Release|Any CPU.Build.0 = Release|Any CPU
		{82181A43-64E8-4EF9-85CC-20C870998B59}.Debug|Any CPU.ActiveCfg = Debug|Any CPU
		{82181A43-64E8-4EF9-85CC-20C870998B59}.Debug|Any CPU.Build.0 = Debug|Any CPU
		{82181A43-64E8-4EF9-85CC-20C870998B59}.Release|Any CPU.ActiveCfg = Release|Any CPU
		{82181A43-64E8-4EF9-85CC-20C870998B59}.Release|Any CPU.Build.0 = Release|Any CPU
		{5BBE2408-A554-493C-AEA0-3A2C0FFD56F6}.Debug|Any CPU.ActiveCfg = Debug|Any CPU
		{5BBE2408-A554-493C-AEA0-3A2C0FFD56F6}.Debug|Any CPU.Build.0 = Debug|Any CPU
		{5BBE2408-A554-493C-AEA0-3A2C0FFD56F6}.Release|Any CPU.ActiveCfg = Release|Any CPU
		{5BBE2408-A554-493C-AEA0-3A2C0FFD56F6}.Release|Any CPU.Build.0 = Release|Any CPU
		{B83E9754-A7B1-4883-8A41-94838A9832CA}.Debug|Any CPU.ActiveCfg = Debug|Any CPU
		{B83E9754-A7B1-4883-8A41-94838A9832CA}.Debug|Any CPU.Build.0 = Debug|Any CPU
		{B83E9754-A7B1-4883-8A41-94838A9832CA}.Release|Any CPU.ActiveCfg = Release|Any CPU
		{B83E9754-A7B1-4883-8A41-94838A9832CA}.Release|Any CPU.Build.0 = Release|Any CPU
		{8DAACA1A-82EC-49DD-AAD8-FD72F8E161C1}.Debug|Any CPU.ActiveCfg = Debug|Any CPU
		{8DAACA1A-82EC-49DD-AAD8-FD72F8E161C1}.Debug|Any CPU.Build.0 = Debug|Any CPU
		{8DAACA1A-82EC-49DD-AAD8-FD72F8E161C1}.Release|Any CPU.ActiveCfg = Release|Any CPU
		{8DAACA1A-82EC-49DD-AAD8-FD72F8E161C1}.Release|Any CPU.Build.0 = Release|Any CPU
		{7B7FB487-C030-47AC-950F-21596664974D}.Debug|Any CPU.ActiveCfg = Debug|Any CPU
		{7B7FB487-C030-47AC-950F-21596664974D}.Debug|Any CPU.Build.0 = Debug|Any CPU
		{7B7FB487-C030-47AC-950F-21596664974D}.Release|Any CPU.ActiveCfg = Release|Any CPU
		{7B7FB487-C030-47AC-950F-21596664974D}.Release|Any CPU.Build.0 = Release|Any CPU
		{21445643-20E5-4A7F-93B3-FA84E04223DB}.Debug|Any CPU.ActiveCfg = Debug|Any CPU
		{21445643-20E5-4A7F-93B3-FA84E04223DB}.Debug|Any CPU.Build.0 = Debug|Any CPU
		{21445643-20E5-4A7F-93B3-FA84E04223DB}.Release|Any CPU.ActiveCfg = Release|Any CPU
		{21445643-20E5-4A7F-93B3-FA84E04223DB}.Release|Any CPU.Build.0 = Release|Any CPU
		{1331AB11-9B7A-49EC-89A3-0E10462D7F83}.Debug|Any CPU.ActiveCfg = Debug|Any CPU
		{1331AB11-9B7A-49EC-89A3-0E10462D7F83}.Debug|Any CPU.Build.0 = Debug|Any CPU
		{1331AB11-9B7A-49EC-89A3-0E10462D7F83}.Release|Any CPU.ActiveCfg = Release|Any CPU
		{1331AB11-9B7A-49EC-89A3-0E10462D7F83}.Release|Any CPU.Build.0 = Release|Any CPU
		{1B543386-FEAC-4363-AA25-76181D604AC0}.Debug|Any CPU.ActiveCfg = Debug|Any CPU
		{1B543386-FEAC-4363-AA25-76181D604AC0}.Debug|Any CPU.Build.0 = Debug|Any CPU
		{1B543386-FEAC-4363-AA25-76181D604AC0}.Release|Any CPU.ActiveCfg = Release|Any CPU
		{1B543386-FEAC-4363-AA25-76181D604AC0}.Release|Any CPU.Build.0 = Release|Any CPU
		{275C1497-0CBA-45CB-A585-F02E3876C2D0}.Debug|Any CPU.ActiveCfg = Debug|Any CPU
		{275C1497-0CBA-45CB-A585-F02E3876C2D0}.Debug|Any CPU.Build.0 = Debug|Any CPU
		{275C1497-0CBA-45CB-A585-F02E3876C2D0}.Release|Any CPU.ActiveCfg = Release|Any CPU
		{275C1497-0CBA-45CB-A585-F02E3876C2D0}.Release|Any CPU.Build.0 = Release|Any CPU
		{6968EC9E-BE44-40A9-8BF6-0279A4C5465B}.Debug|Any CPU.ActiveCfg = Debug|Any CPU
		{6968EC9E-BE44-40A9-8BF6-0279A4C5465B}.Debug|Any CPU.Build.0 = Debug|Any CPU
		{6968EC9E-BE44-40A9-8BF6-0279A4C5465B}.Release|Any CPU.ActiveCfg = Release|Any CPU
		{6968EC9E-BE44-40A9-8BF6-0279A4C5465B}.Release|Any CPU.Build.0 = Release|Any CPU
	EndGlobalSection
	GlobalSection(SolutionProperties) = preSolution
		HideSolutionNode = FALSE
	EndGlobalSection
	GlobalSection(ExtensibilityGlobals) = postSolution
		SolutionGuid = {01C94F69-F296-4164-ABDC-F8CFBA1B2AE1}
	EndGlobalSection
EndGlobal
